// !$*UTF8*$!
{
	archiveVersion = 1;
	classes = {
	};
	objectVersion = 50;
	objects = {

/* Begin PBXBuildFile section */
		280A944323CDD0E70069225C /* BST.m in Sources */ = {isa = PBXBuildFile; fileRef = 280A944223CDD0E70069225C /* BST.m */; };
		28336DC523C59A2600AB7DF6 /* Tree.m in Sources */ = {isa = PBXBuildFile; fileRef = 28336DC223C59A2600AB7DF6 /* Tree.m */; };
		28336DC623C59A2600AB7DF6 /* TreeNode.m in Sources */ = {isa = PBXBuildFile; fileRef = 28336DC323C59A2600AB7DF6 /* TreeNode.m */; };
		2841F3F023EBE37000096952 /* P662.m in Sources */ = {isa = PBXBuildFile; fileRef = 2841F3EF23EBE37000096952 /* P662.m */; };
		2847AB7D23ED6DD5004C9A81 /* P1339.m in Sources */ = {isa = PBXBuildFile; fileRef = 2847AB7C23ED6DD5004C9A81 /* P1339.m */; };
		2847AB8023F179A7004C9A81 /* P98.m in Sources */ = {isa = PBXBuildFile; fileRef = 2847AB7F23F179A7004C9A81 /* P98.m */; };
		2847AB8323F2AEDD004C9A81 /* P222.m in Sources */ = {isa = PBXBuildFile; fileRef = 2847AB8223F2AEDD004C9A81 /* P222.m */; };
		2847AB8623F3C926004C9A81 /* P958.m in Sources */ = {isa = PBXBuildFile; fileRef = 2847AB8523F3C926004C9A81 /* P958.m */; };
		2847AB8923F3CDF1004C9A81 /* P1028.m in Sources */ = {isa = PBXBuildFile; fileRef = 2847AB8823F3CDF1004C9A81 /* P1028.m */; };
		2847AB8C23F3D94C004C9A81 /* P589.m in Sources */ = {isa = PBXBuildFile; fileRef = 2847AB8B23F3D94C004C9A81 /* P589.m */; };
		2847AB8F23F3E220004C9A81 /* P590.m in Sources */ = {isa = PBXBuildFile; fileRef = 2847AB8E23F3E220004C9A81 /* P590.m */; };
		2847AB9223F3F574004C9A81 /* NaryNode.m in Sources */ = {isa = PBXBuildFile; fileRef = 2847AB9123F3F574004C9A81 /* NaryNode.m */; };
		2847AB9523F3F5BC004C9A81 /* NaryTree.m in Sources */ = {isa = PBXBuildFile; fileRef = 2847AB9423F3F5BC004C9A81 /* NaryTree.m */; };
		2847AB9823F401C6004C9A81 /* P104.m in Sources */ = {isa = PBXBuildFile; fileRef = 2847AB9723F401C6004C9A81 /* P104.m */; };
		2847AB9B23F42504004C9A81 /* P897.m in Sources */ = {isa = PBXBuildFile; fileRef = 2847AB9A23F42504004C9A81 /* P897.m */; };
		28711FC123E1B3FF0017FB61 /* P310.m in Sources */ = {isa = PBXBuildFile; fileRef = 28711FBF23E1B3FF0017FB61 /* P310.m */; };
		28711FC423E1B4BF0017FB61 /* P654.m in Sources */ = {isa = PBXBuildFile; fileRef = 28711FC323E1B4BF0017FB61 /* P654.m */; };
		28711FC723E1BA450017FB61 /* P563.m in Sources */ = {isa = PBXBuildFile; fileRef = 28711FC623E1BA450017FB61 /* P563.m */; };
		28711FCA23E1C2810017FB61 /* P965.m in Sources */ = {isa = PBXBuildFile; fileRef = 28711FC923E1C2810017FB61 /* P965.m */; };
		28711FCD23E1D2110017FB61 /* P979.m in Sources */ = {isa = PBXBuildFile; fileRef = 28711FCC23E1D2110017FB61 /* P979.m */; };
		28B11AD623E96792006E0A5E /* P101.m in Sources */ = {isa = PBXBuildFile; fileRef = 28B11AD523E96792006E0A5E /* P101.m */; };
		28B11AD923E979BF006E0A5E /* P100.m in Sources */ = {isa = PBXBuildFile; fileRef = 28B11AD823E979BF006E0A5E /* P100.m */; };
		28B11ADC23E97BA8006E0A5E /* P993.m in Sources */ = {isa = PBXBuildFile; fileRef = 28B11ADB23E97BA8006E0A5E /* P993.m */; };
		28B11AE123EAD2B5006E0A5E /* P538.m in Sources */ = {isa = PBXBuildFile; fileRef = 28B11AE023EAD2B4006E0A5E /* P538.m */; };
		28B11AE423EBCCBB006E0A5E /* P226.m in Sources */ = {isa = PBXBuildFile; fileRef = 28B11AE323EBCCBB006E0A5E /* P226.m */; };
		28B11AE723EBD9C3006E0A5E /* P110.m in Sources */ = {isa = PBXBuildFile; fileRef = 28B11AE623EBD9C3006E0A5E /* P110.m */; };
		28EA256E23EBF33A000D6774 /* P665.m in Sources */ = {isa = PBXBuildFile; fileRef = 28EA256D23EBF33A000D6774 /* P665.m */; };
		28EA257423EC03EA000D6774 /* P814.m in Sources */ = {isa = PBXBuildFile; fileRef = 28EA257323EC03EA000D6774 /* P814.m */; };
		28EA257723EC18B7000D6774 /* P572.m in Sources */ = {isa = PBXBuildFile; fileRef = 28EA257623EC18B7000D6774 /* P572.m */; };
		28EA257A23EC1DE6000D6774 /* P114.m in Sources */ = {isa = PBXBuildFile; fileRef = 28EA257923EC1DE6000D6774 /* P114.m */; };
		28EA257D23ED07B9000D6774 /* P199.m in Sources */ = {isa = PBXBuildFile; fileRef = 28EA257C23ED07B9000D6774 /* P199.m */; };
		28EA258023ED0A97000D6774 /* P1261.m in Sources */ = {isa = PBXBuildFile; fileRef = 28EA257F23ED0A97000D6774 /* P1261.m */; };
		28EA258323ED20C9000D6774 /* P617.m in Sources */ = {isa = PBXBuildFile; fileRef = 28EA258223ED20C9000D6774 /* P617.m */; };
		28EA258623ED516A000D6774 /* P1104.m in Sources */ = {isa = PBXBuildFile; fileRef = 28EA258523ED516A000D6774 /* P1104.m */; };
		73A50DCE23C2F4AD00ED305E /* Queue.m in Sources */ = {isa = PBXBuildFile; fileRef = 73A50DCD23C2F4AD00ED305E /* Queue.m */; };
		73A50DD123C2F4CD00ED305E /* QueueUsingArray.m in Sources */ = {isa = PBXBuildFile; fileRef = 73A50DD023C2F4CC00ED305E /* QueueUsingArray.m */; };
		73ECBD6123B4AFB800753D66 /* AppDelegate.m in Sources */ = {isa = PBXBuildFile; fileRef = 73ECBD6023B4AFB800753D66 /* AppDelegate.m */; };
		73ECBD6423B4AFB800753D66 /* SceneDelegate.m in Sources */ = {isa = PBXBuildFile; fileRef = 73ECBD6323B4AFB800753D66 /* SceneDelegate.m */; };
		73ECBD6723B4AFB800753D66 /* ViewController.m in Sources */ = {isa = PBXBuildFile; fileRef = 73ECBD6623B4AFB800753D66 /* ViewController.m */; };
		73ECBD6A23B4AFB800753D66 /* Main.storyboard in Resources */ = {isa = PBXBuildFile; fileRef = 73ECBD6823B4AFB800753D66 /* Main.storyboard */; };
		73ECBD6C23B4AFBB00753D66 /* Assets.xcassets in Resources */ = {isa = PBXBuildFile; fileRef = 73ECBD6B23B4AFBB00753D66 /* Assets.xcassets */; };
		73ECBD6F23B4AFBB00753D66 /* LaunchScreen.storyboard in Resources */ = {isa = PBXBuildFile; fileRef = 73ECBD6D23B4AFBB00753D66 /* LaunchScreen.storyboard */; };
		73ECBD7223B4AFBB00753D66 /* main.m in Sources */ = {isa = PBXBuildFile; fileRef = 73ECBD7123B4AFBB00753D66 /* main.m */; };
		73ECBD7A23B4B1D800753D66 /* LinkedList.m in Sources */ = {isa = PBXBuildFile; fileRef = 73ECBD7923B4B1D800753D66 /* LinkedList.m */; };
		73ECBD7E23B4B9E300753D66 /* ListNode.m in Sources */ = {isa = PBXBuildFile; fileRef = 73ECBD7D23B4B9E300753D66 /* ListNode.m */; };
		73F92FAF23BDA9AC0099CACD /* DoubleListNode.m in Sources */ = {isa = PBXBuildFile; fileRef = 73F92FAE23BDA9AC0099CACD /* DoubleListNode.m */; };
		73F92FB223BDA9CE0099CACD /* DoubleLinkedList.m in Sources */ = {isa = PBXBuildFile; fileRef = 73F92FB123BDA9CE0099CACD /* DoubleLinkedList.m */; };
		73F92FBA23BDABA50099CACD /* Stack.m in Sources */ = {isa = PBXBuildFile; fileRef = 73F92FB923BDABA50099CACD /* Stack.m */; };
		73F92FBD23BDAC260099CACD /* StackUsingArray.m in Sources */ = {isa = PBXBuildFile; fileRef = 73F92FBC23BDAC260099CACD /* StackUsingArray.m */; };
		73F92FC423BDF2320099CACD /* AddTwoList.m in Sources */ = {isa = PBXBuildFile; fileRef = 73F92FC323BDF2320099CACD /* AddTwoList.m */; };
		73F92FC823BDFAFF0099CACD /* SumOfTwoNoInSortedArray.m in Sources */ = {isa = PBXBuildFile; fileRef = 73F92FC723BDFAFF0099CACD /* SumOfTwoNoInSortedArray.m */; };
		73F92FCB23BDFB170099CACD /* SumOfTwoNo.m in Sources */ = {isa = PBXBuildFile; fileRef = 73F92FCA23BDFB170099CACD /* SumOfTwoNo.m */; };
/* End PBXBuildFile section */

/* Begin PBXFileReference section */
		280A944123CDD0E70069225C /* BST.h */ = {isa = PBXFileReference; fileEncoding = 4; lastKnownFileType = sourcecode.c.h; path = BST.h; sourceTree = "<group>"; };
		280A944223CDD0E70069225C /* BST.m */ = {isa = PBXFileReference; fileEncoding = 4; lastKnownFileType = sourcecode.c.objc; path = BST.m; sourceTree = "<group>"; };
		28336DC123C59A2600AB7DF6 /* TreeNode.h */ = {isa = PBXFileReference; fileEncoding = 4; lastKnownFileType = sourcecode.c.h; path = TreeNode.h; sourceTree = "<group>"; };
		28336DC223C59A2600AB7DF6 /* Tree.m */ = {isa = PBXFileReference; fileEncoding = 4; lastKnownFileType = sourcecode.c.objc; path = Tree.m; sourceTree = "<group>"; };
		28336DC323C59A2600AB7DF6 /* TreeNode.m */ = {isa = PBXFileReference; fileEncoding = 4; lastKnownFileType = sourcecode.c.objc; path = TreeNode.m; sourceTree = "<group>"; };
		28336DC423C59A2600AB7DF6 /* Tree.h */ = {isa = PBXFileReference; fileEncoding = 4; lastKnownFileType = sourcecode.c.h; path = Tree.h; sourceTree = "<group>"; };
		2841F3EE23EBE37000096952 /* P662.h */ = {isa = PBXFileReference; lastKnownFileType = sourcecode.c.h; name = P662.h; path = LeetCode/Tree/P662.h; sourceTree = "<group>"; };
		2841F3EF23EBE37000096952 /* P662.m */ = {isa = PBXFileReference; lastKnownFileType = sourcecode.c.objc; name = P662.m; path = LeetCode/Tree/P662.m; sourceTree = "<group>"; };
		2847AB7B23ED6DD5004C9A81 /* P1339.h */ = {isa = PBXFileReference; lastKnownFileType = sourcecode.c.h; name = P1339.h; path = LeetCode/Tree/P1339.h; sourceTree = "<group>"; };
		2847AB7C23ED6DD5004C9A81 /* P1339.m */ = {isa = PBXFileReference; lastKnownFileType = sourcecode.c.objc; name = P1339.m; path = LeetCode/Tree/P1339.m; sourceTree = "<group>"; };
		2847AB7E23F179A7004C9A81 /* P98.h */ = {isa = PBXFileReference; lastKnownFileType = sourcecode.c.h; name = P98.h; path = LeetCode/Tree/P98.h; sourceTree = "<group>"; };
		2847AB7F23F179A7004C9A81 /* P98.m */ = {isa = PBXFileReference; lastKnownFileType = sourcecode.c.objc; name = P98.m; path = LeetCode/Tree/P98.m; sourceTree = "<group>"; };
		2847AB8123F2AEDD004C9A81 /* P222.h */ = {isa = PBXFileReference; lastKnownFileType = sourcecode.c.h; name = P222.h; path = LeetCode/Tree/P222.h; sourceTree = "<group>"; };
		2847AB8223F2AEDD004C9A81 /* P222.m */ = {isa = PBXFileReference; lastKnownFileType = sourcecode.c.objc; name = P222.m; path = LeetCode/Tree/P222.m; sourceTree = "<group>"; };
		2847AB8423F3C926004C9A81 /* P958.h */ = {isa = PBXFileReference; lastKnownFileType = sourcecode.c.h; name = P958.h; path = LeetCode/Tree/P958.h; sourceTree = "<group>"; };
		2847AB8523F3C926004C9A81 /* P958.m */ = {isa = PBXFileReference; lastKnownFileType = sourcecode.c.objc; name = P958.m; path = LeetCode/Tree/P958.m; sourceTree = "<group>"; };
		2847AB8723F3CDF1004C9A81 /* P1028.h */ = {isa = PBXFileReference; lastKnownFileType = sourcecode.c.h; name = P1028.h; path = LeetCode/Tree/P1028.h; sourceTree = "<group>"; };
		2847AB8823F3CDF1004C9A81 /* P1028.m */ = {isa = PBXFileReference; lastKnownFileType = sourcecode.c.objc; name = P1028.m; path = LeetCode/Tree/P1028.m; sourceTree = "<group>"; };
		2847AB8A23F3D94C004C9A81 /* P589.h */ = {isa = PBXFileReference; lastKnownFileType = sourcecode.c.h; name = P589.h; path = LeetCode/Tree/P589.h; sourceTree = "<group>"; };
		2847AB8B23F3D94C004C9A81 /* P589.m */ = {isa = PBXFileReference; lastKnownFileType = sourcecode.c.objc; name = P589.m; path = LeetCode/Tree/P589.m; sourceTree = "<group>"; };
		2847AB8D23F3E220004C9A81 /* P590.h */ = {isa = PBXFileReference; lastKnownFileType = sourcecode.c.h; name = P590.h; path = LeetCode/Tree/P590.h; sourceTree = "<group>"; };
		2847AB8E23F3E220004C9A81 /* P590.m */ = {isa = PBXFileReference; lastKnownFileType = sourcecode.c.objc; name = P590.m; path = LeetCode/Tree/P590.m; sourceTree = "<group>"; };
		2847AB9023F3F574004C9A81 /* NaryNode.h */ = {isa = PBXFileReference; lastKnownFileType = sourcecode.c.h; path = NaryNode.h; sourceTree = "<group>"; };
		2847AB9123F3F574004C9A81 /* NaryNode.m */ = {isa = PBXFileReference; lastKnownFileType = sourcecode.c.objc; path = NaryNode.m; sourceTree = "<group>"; };
		2847AB9323F3F5BC004C9A81 /* NaryTree.h */ = {isa = PBXFileReference; lastKnownFileType = sourcecode.c.h; path = NaryTree.h; sourceTree = "<group>"; };
		2847AB9423F3F5BC004C9A81 /* NaryTree.m */ = {isa = PBXFileReference; lastKnownFileType = sourcecode.c.objc; path = NaryTree.m; sourceTree = "<group>"; };
		2847AB9623F401C6004C9A81 /* P104.h */ = {isa = PBXFileReference; lastKnownFileType = sourcecode.c.h; name = P104.h; path = LeetCode/Tree/P104.h; sourceTree = "<group>"; };
		2847AB9723F401C6004C9A81 /* P104.m */ = {isa = PBXFileReference; lastKnownFileType = sourcecode.c.objc; name = P104.m; path = LeetCode/Tree/P104.m; sourceTree = "<group>"; };
		2847AB9923F42504004C9A81 /* P897.h */ = {isa = PBXFileReference; lastKnownFileType = sourcecode.c.h; name = P897.h; path = LeetCode/Tree/P897.h; sourceTree = "<group>"; };
		2847AB9A23F42504004C9A81 /* P897.m */ = {isa = PBXFileReference; lastKnownFileType = sourcecode.c.objc; name = P897.m; path = LeetCode/Tree/P897.m; sourceTree = "<group>"; };
		28711FBF23E1B3FF0017FB61 /* P310.m */ = {isa = PBXFileReference; fileEncoding = 4; lastKnownFileType = sourcecode.c.objc; name = P310.m; path = LeetCode/Tree/P310.m; sourceTree = "<group>"; };
		28711FC023E1B3FF0017FB61 /* P310.h */ = {isa = PBXFileReference; fileEncoding = 4; lastKnownFileType = sourcecode.c.h; name = P310.h; path = LeetCode/Tree/P310.h; sourceTree = "<group>"; };
		28711FC223E1B4BF0017FB61 /* P654.h */ = {isa = PBXFileReference; lastKnownFileType = sourcecode.c.h; name = P654.h; path = LeetCode/Tree/P654.h; sourceTree = "<group>"; };
		28711FC323E1B4BF0017FB61 /* P654.m */ = {isa = PBXFileReference; lastKnownFileType = sourcecode.c.objc; name = P654.m; path = LeetCode/Tree/P654.m; sourceTree = "<group>"; };
		28711FC523E1BA450017FB61 /* P563.h */ = {isa = PBXFileReference; lastKnownFileType = sourcecode.c.h; name = P563.h; path = LeetCode/Tree/P563.h; sourceTree = "<group>"; };
		28711FC623E1BA450017FB61 /* P563.m */ = {isa = PBXFileReference; lastKnownFileType = sourcecode.c.objc; name = P563.m; path = LeetCode/Tree/P563.m; sourceTree = "<group>"; };
		28711FC823E1C2810017FB61 /* P965.h */ = {isa = PBXFileReference; lastKnownFileType = sourcecode.c.h; name = P965.h; path = LeetCode/Tree/P965.h; sourceTree = "<group>"; };
		28711FC923E1C2810017FB61 /* P965.m */ = {isa = PBXFileReference; lastKnownFileType = sourcecode.c.objc; name = P965.m; path = LeetCode/Tree/P965.m; sourceTree = "<group>"; };
		28711FCB23E1D2110017FB61 /* P979.h */ = {isa = PBXFileReference; lastKnownFileType = sourcecode.c.h; name = P979.h; path = LeetCode/Tree/P979.h; sourceTree = "<group>"; };
		28711FCC23E1D2110017FB61 /* P979.m */ = {isa = PBXFileReference; lastKnownFileType = sourcecode.c.objc; name = P979.m; path = LeetCode/Tree/P979.m; sourceTree = "<group>"; };
		28B11AD423E96792006E0A5E /* P101.h */ = {isa = PBXFileReference; fileEncoding = 4; lastKnownFileType = sourcecode.c.h; name = P101.h; path = LeetCode/Tree/P101.h; sourceTree = "<group>"; };
		28B11AD523E96792006E0A5E /* P101.m */ = {isa = PBXFileReference; fileEncoding = 4; lastKnownFileType = sourcecode.c.objc; name = P101.m; path = LeetCode/Tree/P101.m; sourceTree = "<group>"; };
		28B11AD723E979BF006E0A5E /* P100.h */ = {isa = PBXFileReference; fileEncoding = 4; lastKnownFileType = sourcecode.c.h; name = P100.h; path = LeetCode/Tree/P100.h; sourceTree = "<group>"; };
		28B11AD823E979BF006E0A5E /* P100.m */ = {isa = PBXFileReference; fileEncoding = 4; lastKnownFileType = sourcecode.c.objc; name = P100.m; path = LeetCode/Tree/P100.m; sourceTree = "<group>"; };
		28B11ADA23E97BA8006E0A5E /* P993.h */ = {isa = PBXFileReference; lastKnownFileType = sourcecode.c.h; name = P993.h; path = LeetCode/Tree/P993.h; sourceTree = "<group>"; };
		28B11ADB23E97BA8006E0A5E /* P993.m */ = {isa = PBXFileReference; lastKnownFileType = sourcecode.c.objc; name = P993.m; path = LeetCode/Tree/P993.m; sourceTree = "<group>"; };
		28B11ADF23EAD2B4006E0A5E /* P538.h */ = {isa = PBXFileReference; fileEncoding = 4; lastKnownFileType = sourcecode.c.h; name = P538.h; path = LeetCode/Tree/P538.h; sourceTree = "<group>"; };
		28B11AE023EAD2B4006E0A5E /* P538.m */ = {isa = PBXFileReference; fileEncoding = 4; lastKnownFileType = sourcecode.c.objc; name = P538.m; path = LeetCode/Tree/P538.m; sourceTree = "<group>"; };
		28B11AE223EBCCBB006E0A5E /* P226.h */ = {isa = PBXFileReference; lastKnownFileType = sourcecode.c.h; name = P226.h; path = LeetCode/Tree/P226.h; sourceTree = "<group>"; };
		28B11AE323EBCCBB006E0A5E /* P226.m */ = {isa = PBXFileReference; lastKnownFileType = sourcecode.c.objc; name = P226.m; path = LeetCode/Tree/P226.m; sourceTree = "<group>"; };
		28B11AE523EBD9C3006E0A5E /* P110.h */ = {isa = PBXFileReference; lastKnownFileType = sourcecode.c.h; name = P110.h; path = LeetCode/Tree/P110.h; sourceTree = "<group>"; };
		28B11AE623EBD9C3006E0A5E /* P110.m */ = {isa = PBXFileReference; lastKnownFileType = sourcecode.c.objc; name = P110.m; path = LeetCode/Tree/P110.m; sourceTree = "<group>"; };
		28EA256C23EBF33A000D6774 /* P665.h */ = {isa = PBXFileReference; fileEncoding = 4; lastKnownFileType = sourcecode.c.h; name = P665.h; path = LeetCode/Tree/P665.h; sourceTree = "<group>"; };
		28EA256D23EBF33A000D6774 /* P665.m */ = {isa = PBXFileReference; fileEncoding = 4; lastKnownFileType = sourcecode.c.objc; name = P665.m; path = LeetCode/Tree/P665.m; sourceTree = "<group>"; };
		28EA257223EC03EA000D6774 /* P814.h */ = {isa = PBXFileReference; lastKnownFileType = sourcecode.c.h; name = P814.h; path = LeetCode/Tree/P814.h; sourceTree = "<group>"; };
		28EA257323EC03EA000D6774 /* P814.m */ = {isa = PBXFileReference; lastKnownFileType = sourcecode.c.objc; name = P814.m; path = LeetCode/Tree/P814.m; sourceTree = "<group>"; };
		28EA257523EC18B7000D6774 /* P572.h */ = {isa = PBXFileReference; lastKnownFileType = sourcecode.c.h; name = P572.h; path = LeetCode/Tree/P572.h; sourceTree = "<group>"; };
		28EA257623EC18B7000D6774 /* P572.m */ = {isa = PBXFileReference; lastKnownFileType = sourcecode.c.objc; name = P572.m; path = LeetCode/Tree/P572.m; sourceTree = "<group>"; };
		28EA257823EC1DE6000D6774 /* P114.h */ = {isa = PBXFileReference; lastKnownFileType = sourcecode.c.h; name = P114.h; path = LeetCode/Tree/P114.h; sourceTree = "<group>"; };
		28EA257923EC1DE6000D6774 /* P114.m */ = {isa = PBXFileReference; lastKnownFileType = sourcecode.c.objc; name = P114.m; path = LeetCode/Tree/P114.m; sourceTree = "<group>"; };
		28EA257B23ED07B9000D6774 /* P199.h */ = {isa = PBXFileReference; lastKnownFileType = sourcecode.c.h; name = P199.h; path = LeetCode/Tree/P199.h; sourceTree = "<group>"; };
		28EA257C23ED07B9000D6774 /* P199.m */ = {isa = PBXFileReference; lastKnownFileType = sourcecode.c.objc; name = P199.m; path = LeetCode/Tree/P199.m; sourceTree = "<group>"; };
		28EA257E23ED0A97000D6774 /* P1261.h */ = {isa = PBXFileReference; lastKnownFileType = sourcecode.c.h; name = P1261.h; path = LeetCode/Tree/P1261.h; sourceTree = "<group>"; };
		28EA257F23ED0A97000D6774 /* P1261.m */ = {isa = PBXFileReference; lastKnownFileType = sourcecode.c.objc; name = P1261.m; path = LeetCode/Tree/P1261.m; sourceTree = "<group>"; };
		28EA258123ED20C9000D6774 /* P617.h */ = {isa = PBXFileReference; lastKnownFileType = sourcecode.c.h; name = P617.h; path = LeetCode/Tree/P617.h; sourceTree = "<group>"; };
		28EA258223ED20C9000D6774 /* P617.m */ = {isa = PBXFileReference; lastKnownFileType = sourcecode.c.objc; name = P617.m; path = LeetCode/Tree/P617.m; sourceTree = "<group>"; };
		28EA258423ED516A000D6774 /* P1104.h */ = {isa = PBXFileReference; lastKnownFileType = sourcecode.c.h; name = P1104.h; path = LeetCode/Tree/P1104.h; sourceTree = "<group>"; };
		28EA258523ED516A000D6774 /* P1104.m */ = {isa = PBXFileReference; lastKnownFileType = sourcecode.c.objc; name = P1104.m; path = LeetCode/Tree/P1104.m; sourceTree = "<group>"; };
		73A50DCC23C2F4AD00ED305E /* Queue.h */ = {isa = PBXFileReference; lastKnownFileType = sourcecode.c.h; path = Queue.h; sourceTree = "<group>"; };
		73A50DCD23C2F4AD00ED305E /* Queue.m */ = {isa = PBXFileReference; lastKnownFileType = sourcecode.c.objc; path = Queue.m; sourceTree = "<group>"; };
		73A50DCF23C2F4CC00ED305E /* QueueUsingArray.h */ = {isa = PBXFileReference; lastKnownFileType = sourcecode.c.h; path = QueueUsingArray.h; sourceTree = "<group>"; };
		73A50DD023C2F4CC00ED305E /* QueueUsingArray.m */ = {isa = PBXFileReference; lastKnownFileType = sourcecode.c.objc; path = QueueUsingArray.m; sourceTree = "<group>"; };
		73ECBD5C23B4AFB800753D66 /* DS.app */ = {isa = PBXFileReference; explicitFileType = wrapper.application; includeInIndex = 0; path = DS.app; sourceTree = BUILT_PRODUCTS_DIR; };
		73ECBD5F23B4AFB800753D66 /* AppDelegate.h */ = {isa = PBXFileReference; lastKnownFileType = sourcecode.c.h; path = AppDelegate.h; sourceTree = "<group>"; };
		73ECBD6023B4AFB800753D66 /* AppDelegate.m */ = {isa = PBXFileReference; lastKnownFileType = sourcecode.c.objc; path = AppDelegate.m; sourceTree = "<group>"; };
		73ECBD6223B4AFB800753D66 /* SceneDelegate.h */ = {isa = PBXFileReference; lastKnownFileType = sourcecode.c.h; path = SceneDelegate.h; sourceTree = "<group>"; };
		73ECBD6323B4AFB800753D66 /* SceneDelegate.m */ = {isa = PBXFileReference; lastKnownFileType = sourcecode.c.objc; path = SceneDelegate.m; sourceTree = "<group>"; };
		73ECBD6523B4AFB800753D66 /* ViewController.h */ = {isa = PBXFileReference; lastKnownFileType = sourcecode.c.h; path = ViewController.h; sourceTree = "<group>"; };
		73ECBD6623B4AFB800753D66 /* ViewController.m */ = {isa = PBXFileReference; lastKnownFileType = sourcecode.c.objc; path = ViewController.m; sourceTree = "<group>"; };
		73ECBD6923B4AFB800753D66 /* Base */ = {isa = PBXFileReference; lastKnownFileType = file.storyboard; name = Base; path = Base.lproj/Main.storyboard; sourceTree = "<group>"; };
		73ECBD6B23B4AFBB00753D66 /* Assets.xcassets */ = {isa = PBXFileReference; lastKnownFileType = folder.assetcatalog; path = Assets.xcassets; sourceTree = "<group>"; };
		73ECBD6E23B4AFBB00753D66 /* Base */ = {isa = PBXFileReference; lastKnownFileType = file.storyboard; name = Base; path = Base.lproj/LaunchScreen.storyboard; sourceTree = "<group>"; };
		73ECBD7023B4AFBB00753D66 /* Info.plist */ = {isa = PBXFileReference; lastKnownFileType = text.plist.xml; path = Info.plist; sourceTree = "<group>"; };
		73ECBD7123B4AFBB00753D66 /* main.m */ = {isa = PBXFileReference; lastKnownFileType = sourcecode.c.objc; path = main.m; sourceTree = "<group>"; };
		73ECBD7823B4B15800753D66 /* DS.entitlements */ = {isa = PBXFileReference; lastKnownFileType = text.plist.entitlements; path = DS.entitlements; sourceTree = "<group>"; };
		73ECBD7923B4B1D800753D66 /* LinkedList.m */ = {isa = PBXFileReference; lastKnownFileType = sourcecode.c.objc; path = LinkedList.m; sourceTree = "<group>"; };
		73ECBD7B23B4B95A00753D66 /* LinkedList.h */ = {isa = PBXFileReference; lastKnownFileType = sourcecode.c.h; path = LinkedList.h; sourceTree = "<group>"; };
		73ECBD7C23B4B9C600753D66 /* ListNode.h */ = {isa = PBXFileReference; lastKnownFileType = sourcecode.c.h; path = ListNode.h; sourceTree = "<group>"; };
		73ECBD7D23B4B9E300753D66 /* ListNode.m */ = {isa = PBXFileReference; lastKnownFileType = sourcecode.c.objc; path = ListNode.m; sourceTree = "<group>"; };
		73F92FAD23BDA9AC0099CACD /* DoubleListNode.h */ = {isa = PBXFileReference; lastKnownFileType = sourcecode.c.h; path = DoubleListNode.h; sourceTree = "<group>"; };
		73F92FAE23BDA9AC0099CACD /* DoubleListNode.m */ = {isa = PBXFileReference; lastKnownFileType = sourcecode.c.objc; path = DoubleListNode.m; sourceTree = "<group>"; };
		73F92FB023BDA9CE0099CACD /* DoubleLinkedList.h */ = {isa = PBXFileReference; lastKnownFileType = sourcecode.c.h; path = DoubleLinkedList.h; sourceTree = "<group>"; };
		73F92FB123BDA9CE0099CACD /* DoubleLinkedList.m */ = {isa = PBXFileReference; lastKnownFileType = sourcecode.c.objc; path = DoubleLinkedList.m; sourceTree = "<group>"; };
		73F92FB823BDABA50099CACD /* Stack.h */ = {isa = PBXFileReference; lastKnownFileType = sourcecode.c.h; path = Stack.h; sourceTree = "<group>"; };
		73F92FB923BDABA50099CACD /* Stack.m */ = {isa = PBXFileReference; lastKnownFileType = sourcecode.c.objc; path = Stack.m; sourceTree = "<group>"; };
		73F92FBB23BDAC260099CACD /* StackUsingArray.h */ = {isa = PBXFileReference; lastKnownFileType = sourcecode.c.h; path = StackUsingArray.h; sourceTree = "<group>"; };
		73F92FBC23BDAC260099CACD /* StackUsingArray.m */ = {isa = PBXFileReference; lastKnownFileType = sourcecode.c.objc; path = StackUsingArray.m; sourceTree = "<group>"; };
		73F92FC223BDF2320099CACD /* AddTwoList.h */ = {isa = PBXFileReference; lastKnownFileType = sourcecode.c.h; path = AddTwoList.h; sourceTree = "<group>"; };
		73F92FC323BDF2320099CACD /* AddTwoList.m */ = {isa = PBXFileReference; lastKnownFileType = sourcecode.c.objc; path = AddTwoList.m; sourceTree = "<group>"; };
		73F92FC623BDFAFF0099CACD /* SumOfTwoNoInSortedArray.h */ = {isa = PBXFileReference; lastKnownFileType = sourcecode.c.h; path = SumOfTwoNoInSortedArray.h; sourceTree = "<group>"; };
		73F92FC723BDFAFF0099CACD /* SumOfTwoNoInSortedArray.m */ = {isa = PBXFileReference; lastKnownFileType = sourcecode.c.objc; path = SumOfTwoNoInSortedArray.m; sourceTree = "<group>"; };
		73F92FC923BDFB170099CACD /* SumOfTwoNo.h */ = {isa = PBXFileReference; lastKnownFileType = sourcecode.c.h; path = SumOfTwoNo.h; sourceTree = "<group>"; };
		73F92FCA23BDFB170099CACD /* SumOfTwoNo.m */ = {isa = PBXFileReference; lastKnownFileType = sourcecode.c.objc; path = SumOfTwoNo.m; sourceTree = "<group>"; };
/* End PBXFileReference section */

/* Begin PBXFrameworksBuildPhase section */
		73ECBD5923B4AFB800753D66 /* Frameworks */ = {
			isa = PBXFrameworksBuildPhase;
			buildActionMask = 2147483647;
			files = (
			);
			runOnlyForDeploymentPostprocessing = 0;
		};
/* End PBXFrameworksBuildPhase section */

/* Begin PBXGroup section */
		28711FBA23E1B2C00017FB61 /* LeetCode */ = {
			isa = PBXGroup;
			children = (
				28711FBB23E1B2C60017FB61 /* Tree */,
			);
			name = LeetCode;
			sourceTree = "<group>";
		};
		28711FBB23E1B2C60017FB61 /* Tree */ = {
			isa = PBXGroup;
			children = (
				28EA256C23EBF33A000D6774 /* P665.h */,
				28EA256D23EBF33A000D6774 /* P665.m */,
				28B11AE223EBCCBB006E0A5E /* P226.h */,
				28B11AE323EBCCBB006E0A5E /* P226.m */,
				28B11AD723E979BF006E0A5E /* P100.h */,
				28B11AD823E979BF006E0A5E /* P100.m */,
				28B11AD423E96792006E0A5E /* P101.h */,
				28B11AD523E96792006E0A5E /* P101.m */,
				28711FC023E1B3FF0017FB61 /* P310.h */,
				28711FBF23E1B3FF0017FB61 /* P310.m */,
				28B11ADF23EAD2B4006E0A5E /* P538.h */,
				28B11AE023EAD2B4006E0A5E /* P538.m */,
				28711FC523E1BA450017FB61 /* P563.h */,
				28711FC623E1BA450017FB61 /* P563.m */,
				28711FC223E1B4BF0017FB61 /* P654.h */,
				28711FC323E1B4BF0017FB61 /* P654.m */,
				28711FC823E1C2810017FB61 /* P965.h */,
				28711FC923E1C2810017FB61 /* P965.m */,
				28711FCB23E1D2110017FB61 /* P979.h */,
				28711FCC23E1D2110017FB61 /* P979.m */,
				28B11ADA23E97BA8006E0A5E /* P993.h */,
				28B11ADB23E97BA8006E0A5E /* P993.m */,
				28B11AE523EBD9C3006E0A5E /* P110.h */,
				28B11AE623EBD9C3006E0A5E /* P110.m */,
				2841F3EE23EBE37000096952 /* P662.h */,
				2841F3EF23EBE37000096952 /* P662.m */,
				28EA257223EC03EA000D6774 /* P814.h */,
				28EA257323EC03EA000D6774 /* P814.m */,
				28EA257523EC18B7000D6774 /* P572.h */,
				28EA257623EC18B7000D6774 /* P572.m */,
				28EA257823EC1DE6000D6774 /* P114.h */,
				28EA257923EC1DE6000D6774 /* P114.m */,
				28EA257B23ED07B9000D6774 /* P199.h */,
				28EA257C23ED07B9000D6774 /* P199.m */,
				28EA257E23ED0A97000D6774 /* P1261.h */,
				28EA257F23ED0A97000D6774 /* P1261.m */,
				28EA258123ED20C9000D6774 /* P617.h */,
				28EA258223ED20C9000D6774 /* P617.m */,
				28EA258423ED516A000D6774 /* P1104.h */,
				28EA258523ED516A000D6774 /* P1104.m */,
				2847AB7B23ED6DD5004C9A81 /* P1339.h */,
				2847AB7C23ED6DD5004C9A81 /* P1339.m */,
				2847AB7E23F179A7004C9A81 /* P98.h */,
				2847AB7F23F179A7004C9A81 /* P98.m */,
				2847AB8123F2AEDD004C9A81 /* P222.h */,
				2847AB8223F2AEDD004C9A81 /* P222.m */,
				2847AB8423F3C926004C9A81 /* P958.h */,
				2847AB8523F3C926004C9A81 /* P958.m */,
				2847AB8723F3CDF1004C9A81 /* P1028.h */,
				2847AB8823F3CDF1004C9A81 /* P1028.m */,
				2847AB8A23F3D94C004C9A81 /* P589.h */,
				2847AB8B23F3D94C004C9A81 /* P589.m */,
				2847AB8D23F3E220004C9A81 /* P590.h */,
				2847AB8E23F3E220004C9A81 /* P590.m */,
				2847AB9623F401C6004C9A81 /* P104.h */,
				2847AB9723F401C6004C9A81 /* P104.m */,
				2847AB9923F42504004C9A81 /* P897.h */,
				2847AB9A23F42504004C9A81 /* P897.m */,
			);
			name = Tree;
			sourceTree = "<group>";
		};
		73ECBD5323B4AFB800753D66 = {
			isa = PBXGroup;
			children = (
				73ECBD5E23B4AFB800753D66 /* DS */,
				73ECBD5D23B4AFB800753D66 /* Products */,
			);
			sourceTree = "<group>";
		};
		73ECBD5D23B4AFB800753D66 /* Products */ = {
			isa = PBXGroup;
			children = (
				73ECBD5C23B4AFB800753D66 /* DS.app */,
			);
			name = Products;
			sourceTree = "<group>";
		};
		73ECBD5E23B4AFB800753D66 /* DS */ = {
			isa = PBXGroup;
			children = (
				73F92FC023BDF20D0099CACD /* Problems */,
				73F92FBF23BDAC8A0099CACD /* Tree */,
				73F92FBE23BDAC800099CACD /* Queue */,
				73F92FB723BDAB910099CACD /* Stack */,
				73F92FAC23BDA98C0099CACD /* DoubleLinkedLIst */,
				73F92FAB23BDA97B0099CACD /* LinkedList */,
				73ECBD7823B4B15800753D66 /* DS.entitlements */,
				73ECBD5F23B4AFB800753D66 /* AppDelegate.h */,
				73ECBD6023B4AFB800753D66 /* AppDelegate.m */,
				73ECBD6223B4AFB800753D66 /* SceneDelegate.h */,
				73ECBD6323B4AFB800753D66 /* SceneDelegate.m */,
				73ECBD6523B4AFB800753D66 /* ViewController.h */,
				73ECBD6623B4AFB800753D66 /* ViewController.m */,
				73ECBD6823B4AFB800753D66 /* Main.storyboard */,
				73ECBD6B23B4AFBB00753D66 /* Assets.xcassets */,
				73ECBD6D23B4AFBB00753D66 /* LaunchScreen.storyboard */,
				73ECBD7023B4AFBB00753D66 /* Info.plist */,
				73ECBD7123B4AFBB00753D66 /* main.m */,
			);
			path = DS;
			sourceTree = "<group>";
		};
		73F92FAB23BDA97B0099CACD /* LinkedList */ = {
			isa = PBXGroup;
			children = (
				73ECBD7C23B4B9C600753D66 /* ListNode.h */,
				73ECBD7D23B4B9E300753D66 /* ListNode.m */,
				73ECBD7B23B4B95A00753D66 /* LinkedList.h */,
				73ECBD7923B4B1D800753D66 /* LinkedList.m */,
			);
			path = LinkedList;
			sourceTree = "<group>";
		};
		73F92FAC23BDA98C0099CACD /* DoubleLinkedLIst */ = {
			isa = PBXGroup;
			children = (
				73F92FAD23BDA9AC0099CACD /* DoubleListNode.h */,
				73F92FAE23BDA9AC0099CACD /* DoubleListNode.m */,
				73F92FB023BDA9CE0099CACD /* DoubleLinkedList.h */,
				73F92FB123BDA9CE0099CACD /* DoubleLinkedList.m */,
			);
			path = DoubleLinkedLIst;
			sourceTree = "<group>";
		};
		73F92FB723BDAB910099CACD /* Stack */ = {
			isa = PBXGroup;
			children = (
				73F92FB823BDABA50099CACD /* Stack.h */,
				73F92FB923BDABA50099CACD /* Stack.m */,
				73F92FBB23BDAC260099CACD /* StackUsingArray.h */,
				73F92FBC23BDAC260099CACD /* StackUsingArray.m */,
			);
			path = Stack;
			sourceTree = "<group>";
		};
		73F92FBE23BDAC800099CACD /* Queue */ = {
			isa = PBXGroup;
			children = (
				73A50DCC23C2F4AD00ED305E /* Queue.h */,
				73A50DCD23C2F4AD00ED305E /* Queue.m */,
				73A50DCF23C2F4CC00ED305E /* QueueUsingArray.h */,
				73A50DD023C2F4CC00ED305E /* QueueUsingArray.m */,
			);
			path = Queue;
			sourceTree = "<group>";
		};
		73F92FBF23BDAC8A0099CACD /* Tree */ = {
			isa = PBXGroup;
			children = (
				280A944123CDD0E70069225C /* BST.h */,
				280A944223CDD0E70069225C /* BST.m */,
				28336DC423C59A2600AB7DF6 /* Tree.h */,
				28336DC223C59A2600AB7DF6 /* Tree.m */,
				28336DC123C59A2600AB7DF6 /* TreeNode.h */,
				28336DC323C59A2600AB7DF6 /* TreeNode.m */,
				2847AB9023F3F574004C9A81 /* NaryNode.h */,
				2847AB9123F3F574004C9A81 /* NaryNode.m */,
				2847AB9323F3F5BC004C9A81 /* NaryTree.h */,
				2847AB9423F3F5BC004C9A81 /* NaryTree.m */,
			);
			path = Tree;
			sourceTree = "<group>";
		};
		73F92FC023BDF20D0099CACD /* Problems */ = {
			isa = PBXGroup;
			children = (
				28711FBA23E1B2C00017FB61 /* LeetCode */,
				73F92FC523BDFAE60099CACD /* Array */,
				73F92FC123BDF2180099CACD /* LinkedList */,
			);
			path = Problems;
			sourceTree = "<group>";
		};
		73F92FC123BDF2180099CACD /* LinkedList */ = {
			isa = PBXGroup;
			children = (
				73F92FC223BDF2320099CACD /* AddTwoList.h */,
				73F92FC323BDF2320099CACD /* AddTwoList.m */,
			);
			path = LinkedList;
			sourceTree = "<group>";
		};
		73F92FC523BDFAE60099CACD /* Array */ = {
			isa = PBXGroup;
			children = (
				73F92FC623BDFAFF0099CACD /* SumOfTwoNoInSortedArray.h */,
				73F92FC723BDFAFF0099CACD /* SumOfTwoNoInSortedArray.m */,
				73F92FC923BDFB170099CACD /* SumOfTwoNo.h */,
				73F92FCA23BDFB170099CACD /* SumOfTwoNo.m */,
			);
			path = Array;
			sourceTree = "<group>";
		};
/* End PBXGroup section */

/* Begin PBXNativeTarget section */
		73ECBD5B23B4AFB800753D66 /* DS */ = {
			isa = PBXNativeTarget;
			buildConfigurationList = 73ECBD7523B4AFBB00753D66 /* Build configuration list for PBXNativeTarget "DS" */;
			buildPhases = (
				73ECBD5823B4AFB800753D66 /* Sources */,
				73ECBD5923B4AFB800753D66 /* Frameworks */,
				73ECBD5A23B4AFB800753D66 /* Resources */,
			);
			buildRules = (
			);
			dependencies = (
			);
			name = DS;
			productName = DS;
			productReference = 73ECBD5C23B4AFB800753D66 /* DS.app */;
			productType = "com.apple.product-type.application";
		};
/* End PBXNativeTarget section */

/* Begin PBXProject section */
		73ECBD5423B4AFB800753D66 /* Project object */ = {
			isa = PBXProject;
			attributes = {
				LastUpgradeCheck = 1130;
				ORGANIZATIONNAME = "Kiruthika Selvavinayagam";
				TargetAttributes = {
					73ECBD5B23B4AFB800753D66 = {
						CreatedOnToolsVersion = 11.3;
					};
				};
			};
			buildConfigurationList = 73ECBD5723B4AFB800753D66 /* Build configuration list for PBXProject "DS" */;
			compatibilityVersion = "Xcode 9.3";
			developmentRegion = en;
			hasScannedForEncodings = 0;
			knownRegions = (
				en,
				Base,
			);
			mainGroup = 73ECBD5323B4AFB800753D66;
			productRefGroup = 73ECBD5D23B4AFB800753D66 /* Products */;
			projectDirPath = "";
			projectRoot = "";
			targets = (
				73ECBD5B23B4AFB800753D66 /* DS */,
			);
		};
/* End PBXProject section */

/* Begin PBXResourcesBuildPhase section */
		73ECBD5A23B4AFB800753D66 /* Resources */ = {
			isa = PBXResourcesBuildPhase;
			buildActionMask = 2147483647;
			files = (
				73ECBD6F23B4AFBB00753D66 /* LaunchScreen.storyboard in Resources */,
				73ECBD6C23B4AFBB00753D66 /* Assets.xcassets in Resources */,
				73ECBD6A23B4AFB800753D66 /* Main.storyboard in Resources */,
			);
			runOnlyForDeploymentPostprocessing = 0;
		};
/* End PBXResourcesBuildPhase section */

/* Begin PBXSourcesBuildPhase section */
		73ECBD5823B4AFB800753D66 /* Sources */ = {
			isa = PBXSourcesBuildPhase;
			buildActionMask = 2147483647;
			files = (
				2847AB8F23F3E220004C9A81 /* P590.m in Sources */,
				2847AB8923F3CDF1004C9A81 /* P1028.m in Sources */,
				2847AB9B23F42504004C9A81 /* P897.m in Sources */,
				28B11ADC23E97BA8006E0A5E /* P993.m in Sources */,
				28711FC423E1B4BF0017FB61 /* P654.m in Sources */,
				28EA258623ED516A000D6774 /* P1104.m in Sources */,
				73F92FBA23BDABA50099CACD /* Stack.m in Sources */,
				2847AB9823F401C6004C9A81 /* P104.m in Sources */,
				28336DC523C59A2600AB7DF6 /* Tree.m in Sources */,
				28B11AD623E96792006E0A5E /* P101.m in Sources */,
				2847AB8C23F3D94C004C9A81 /* P589.m in Sources */,
				2847AB7D23ED6DD5004C9A81 /* P1339.m in Sources */,
				28711FC123E1B3FF0017FB61 /* P310.m in Sources */,
				73ECBD6723B4AFB800753D66 /* ViewController.m in Sources */,
				28B11AE123EAD2B5006E0A5E /* P538.m in Sources */,
				28EA256E23EBF33A000D6774 /* P665.m in Sources */,
				73F92FC423BDF2320099CACD /* AddTwoList.m in Sources */,
				28711FC723E1BA450017FB61 /* P563.m in Sources */,
				73ECBD7E23B4B9E300753D66 /* ListNode.m in Sources */,
				28EA258023ED0A97000D6774 /* P1261.m in Sources */,
				73F92FBD23BDAC260099CACD /* StackUsingArray.m in Sources */,
				73ECBD6123B4AFB800753D66 /* AppDelegate.m in Sources */,
				28EA257423EC03EA000D6774 /* P814.m in Sources */,
				73F92FB223BDA9CE0099CACD /* DoubleLinkedList.m in Sources */,
				28711FCA23E1C2810017FB61 /* P965.m in Sources */,
				2847AB9223F3F574004C9A81 /* NaryNode.m in Sources */,
				28EA257A23EC1DE6000D6774 /* P114.m in Sources */,
				2841F3F023EBE37000096952 /* P662.m in Sources */,
				73A50DCE23C2F4AD00ED305E /* Queue.m in Sources */,
				28336DC623C59A2600AB7DF6 /* TreeNode.m in Sources */,
				28B11AD923E979BF006E0A5E /* P100.m in Sources */,
				73ECBD7223B4AFBB00753D66 /* main.m in Sources */,
				28B11AE423EBCCBB006E0A5E /* P226.m in Sources */,
				73F92FC823BDFAFF0099CACD /* SumOfTwoNoInSortedArray.m in Sources */,
				28EA258323ED20C9000D6774 /* P617.m in Sources */,
				2847AB8623F3C926004C9A81 /* P958.m in Sources */,
				28EA257D23ED07B9000D6774 /* P199.m in Sources */,
				73ECBD7A23B4B1D800753D66 /* LinkedList.m in Sources */,
				28B11AE723EBD9C3006E0A5E /* P110.m in Sources */,
				73ECBD6423B4AFB800753D66 /* SceneDelegate.m in Sources */,
				2847AB8023F179A7004C9A81 /* P98.m in Sources */,
				73F92FCB23BDFB170099CACD /* SumOfTwoNo.m in Sources */,
				2847AB9523F3F5BC004C9A81 /* NaryTree.m in Sources */,
				28711FCD23E1D2110017FB61 /* P979.m in Sources */,
				28EA257723EC18B7000D6774 /* P572.m in Sources */,
				280A944323CDD0E70069225C /* BST.m in Sources */,
				2847AB8323F2AEDD004C9A81 /* P222.m in Sources */,
				73A50DD123C2F4CD00ED305E /* QueueUsingArray.m in Sources */,
				73F92FAF23BDA9AC0099CACD /* DoubleListNode.m in Sources */,
			);
			runOnlyForDeploymentPostprocessing = 0;
		};
/* End PBXSourcesBuildPhase section */

/* Begin PBXVariantGroup section */
		73ECBD6823B4AFB800753D66 /* Main.storyboard */ = {
			isa = PBXVariantGroup;
			children = (
				73ECBD6923B4AFB800753D66 /* Base */,
			);
			name = Main.storyboard;
			sourceTree = "<group>";
		};
		73ECBD6D23B4AFBB00753D66 /* LaunchScreen.storyboard */ = {
			isa = PBXVariantGroup;
			children = (
				73ECBD6E23B4AFBB00753D66 /* Base */,
			);
			name = LaunchScreen.storyboard;
			sourceTree = "<group>";
		};
/* End PBXVariantGroup section */

/* Begin XCBuildConfiguration section */
		73ECBD7323B4AFBB00753D66 /* Debug */ = {
			isa = XCBuildConfiguration;
			buildSettings = {
				ALWAYS_SEARCH_USER_PATHS = NO;
				CLANG_ANALYZER_NONNULL = YES;
				CLANG_ANALYZER_NUMBER_OBJECT_CONVERSION = YES_AGGRESSIVE;
				CLANG_CXX_LANGUAGE_STANDARD = "gnu++14";
				CLANG_CXX_LIBRARY = "libc++";
				CLANG_ENABLE_MODULES = YES;
				CLANG_ENABLE_OBJC_ARC = YES;
				CLANG_ENABLE_OBJC_WEAK = YES;
				CLANG_WARN_BLOCK_CAPTURE_AUTORELEASING = YES;
				CLANG_WARN_BOOL_CONVERSION = YES;
				CLANG_WARN_COMMA = YES;
				CLANG_WARN_CONSTANT_CONVERSION = YES;
				CLANG_WARN_DEPRECATED_OBJC_IMPLEMENTATIONS = YES;
				CLANG_WARN_DIRECT_OBJC_ISA_USAGE = YES_ERROR;
				CLANG_WARN_DOCUMENTATION_COMMENTS = YES;
				CLANG_WARN_EMPTY_BODY = YES;
				CLANG_WARN_ENUM_CONVERSION = YES;
				CLANG_WARN_INFINITE_RECURSION = YES;
				CLANG_WARN_INT_CONVERSION = YES;
				CLANG_WARN_NON_LITERAL_NULL_CONVERSION = YES;
				CLANG_WARN_OBJC_IMPLICIT_RETAIN_SELF = YES;
				CLANG_WARN_OBJC_LITERAL_CONVERSION = YES;
				CLANG_WARN_OBJC_ROOT_CLASS = YES_ERROR;
				CLANG_WARN_RANGE_LOOP_ANALYSIS = YES;
				CLANG_WARN_STRICT_PROTOTYPES = YES;
				CLANG_WARN_SUSPICIOUS_MOVE = YES;
				CLANG_WARN_UNGUARDED_AVAILABILITY = YES_AGGRESSIVE;
				CLANG_WARN_UNREACHABLE_CODE = YES;
				CLANG_WARN__DUPLICATE_METHOD_MATCH = YES;
				COPY_PHASE_STRIP = NO;
				DEBUG_INFORMATION_FORMAT = dwarf;
				ENABLE_STRICT_OBJC_MSGSEND = YES;
				ENABLE_TESTABILITY = YES;
				GCC_C_LANGUAGE_STANDARD = gnu11;
				GCC_DYNAMIC_NO_PIC = NO;
				GCC_NO_COMMON_BLOCKS = YES;
				GCC_OPTIMIZATION_LEVEL = 0;
				GCC_PREPROCESSOR_DEFINITIONS = (
					"DEBUG=1",
					"$(inherited)",
				);
				GCC_WARN_64_TO_32_BIT_CONVERSION = YES;
				GCC_WARN_ABOUT_RETURN_TYPE = YES_ERROR;
				GCC_WARN_UNDECLARED_SELECTOR = YES;
				GCC_WARN_UNINITIALIZED_AUTOS = YES_AGGRESSIVE;
				GCC_WARN_UNUSED_FUNCTION = YES;
				GCC_WARN_UNUSED_VARIABLE = YES;
				IPHONEOS_DEPLOYMENT_TARGET = 13.2;
				MTL_ENABLE_DEBUG_INFO = INCLUDE_SOURCE;
				MTL_FAST_MATH = YES;
				ONLY_ACTIVE_ARCH = YES;
				SDKROOT = iphoneos;
			};
			name = Debug;
		};
		73ECBD7423B4AFBB00753D66 /* Release */ = {
			isa = XCBuildConfiguration;
			buildSettings = {
				ALWAYS_SEARCH_USER_PATHS = NO;
				CLANG_ANALYZER_NONNULL = YES;
				CLANG_ANALYZER_NUMBER_OBJECT_CONVERSION = YES_AGGRESSIVE;
				CLANG_CXX_LANGUAGE_STANDARD = "gnu++14";
				CLANG_CXX_LIBRARY = "libc++";
				CLANG_ENABLE_MODULES = YES;
				CLANG_ENABLE_OBJC_ARC = YES;
				CLANG_ENABLE_OBJC_WEAK = YES;
				CLANG_WARN_BLOCK_CAPTURE_AUTORELEASING = YES;
				CLANG_WARN_BOOL_CONVERSION = YES;
				CLANG_WARN_COMMA = YES;
				CLANG_WARN_CONSTANT_CONVERSION = YES;
				CLANG_WARN_DEPRECATED_OBJC_IMPLEMENTATIONS = YES;
				CLANG_WARN_DIRECT_OBJC_ISA_USAGE = YES_ERROR;
				CLANG_WARN_DOCUMENTATION_COMMENTS = YES;
				CLANG_WARN_EMPTY_BODY = YES;
				CLANG_WARN_ENUM_CONVERSION = YES;
				CLANG_WARN_INFINITE_RECURSION = YES;
				CLANG_WARN_INT_CONVERSION = YES;
				CLANG_WARN_NON_LITERAL_NULL_CONVERSION = YES;
				CLANG_WARN_OBJC_IMPLICIT_RETAIN_SELF = YES;
				CLANG_WARN_OBJC_LITERAL_CONVERSION = YES;
				CLANG_WARN_OBJC_ROOT_CLASS = YES_ERROR;
				CLANG_WARN_RANGE_LOOP_ANALYSIS = YES;
				CLANG_WARN_STRICT_PROTOTYPES = YES;
				CLANG_WARN_SUSPICIOUS_MOVE = YES;
				CLANG_WARN_UNGUARDED_AVAILABILITY = YES_AGGRESSIVE;
				CLANG_WARN_UNREACHABLE_CODE = YES;
				CLANG_WARN__DUPLICATE_METHOD_MATCH = YES;
				COPY_PHASE_STRIP = NO;
				DEBUG_INFORMATION_FORMAT = "dwarf-with-dsym";
				ENABLE_NS_ASSERTIONS = NO;
				ENABLE_STRICT_OBJC_MSGSEND = YES;
				GCC_C_LANGUAGE_STANDARD = gnu11;
				GCC_NO_COMMON_BLOCKS = YES;
				GCC_WARN_64_TO_32_BIT_CONVERSION = YES;
				GCC_WARN_ABOUT_RETURN_TYPE = YES_ERROR;
				GCC_WARN_UNDECLARED_SELECTOR = YES;
				GCC_WARN_UNINITIALIZED_AUTOS = YES_AGGRESSIVE;
				GCC_WARN_UNUSED_FUNCTION = YES;
				GCC_WARN_UNUSED_VARIABLE = YES;
				IPHONEOS_DEPLOYMENT_TARGET = 13.2;
				MTL_ENABLE_DEBUG_INFO = NO;
				MTL_FAST_MATH = YES;
				SDKROOT = iphoneos;
				VALIDATE_PRODUCT = YES;
			};
			name = Release;
		};
		73ECBD7623B4AFBB00753D66 /* Debug */ = {
			isa = XCBuildConfiguration;
			buildSettings = {
				ASSETCATALOG_COMPILER_APPICON_NAME = AppIcon;
				CODE_SIGN_ENTITLEMENTS = DS/DS.entitlements;
				CODE_SIGN_STYLE = Automatic;
				DEVELOPMENT_TEAM = 5U487867ZU;
				INFOPLIST_FILE = DS/Info.plist;
				LD_RUNPATH_SEARCH_PATHS = (
					"$(inherited)",
					"@executable_path/Frameworks",
				);
				PRODUCT_BUNDLE_IDENTIFIER = ITR.DS;
				PRODUCT_NAME = "$(TARGET_NAME)";
				SUPPORTS_MACCATALYST = NO;
				TARGETED_DEVICE_FAMILY = "1,2";
			};
			name = Debug;
		};
		73ECBD7723B4AFBB00753D66 /* Release */ = {
			isa = XCBuildConfiguration;
			buildSettings = {
				ASSETCATALOG_COMPILER_APPICON_NAME = AppIcon;
				CODE_SIGN_ENTITLEMENTS = DS/DS.entitlements;
				CODE_SIGN_STYLE = Automatic;
				DEVELOPMENT_TEAM = 5U487867ZU;
				INFOPLIST_FILE = DS/Info.plist;
				LD_RUNPATH_SEARCH_PATHS = (
					"$(inherited)",
					"@executable_path/Frameworks",
				);
				PRODUCT_BUNDLE_IDENTIFIER = ITR.DS;
				PRODUCT_NAME = "$(TARGET_NAME)";
				SUPPORTS_MACCATALYST = NO;
				TARGETED_DEVICE_FAMILY = "1,2";
			};
			name = Release;
		};
/* End XCBuildConfiguration section */

/* Begin XCConfigurationList section */
		73ECBD5723B4AFB800753D66 /* Build configuration list for PBXProject "DS" */ = {
			isa = XCConfigurationList;
			buildConfigurations = (
				73ECBD7323B4AFBB00753D66 /* Debug */,
				73ECBD7423B4AFBB00753D66 /* Release */,
			);
			defaultConfigurationIsVisible = 0;
			defaultConfigurationName = Release;
		};
		73ECBD7523B4AFBB00753D66 /* Build configuration list for PBXNativeTarget "DS" */ = {
			isa = XCConfigurationList;
			buildConfigurations = (
				73ECBD7623B4AFBB00753D66 /* Debug */,
				73ECBD7723B4AFBB00753D66 /* Release */,
			);
			defaultConfigurationIsVisible = 0;
			defaultConfigurationName = Release;
		};
/* End XCConfigurationList section */
	};
	rootObject = 73ECBD5423B4AFB800753D66 /* Project object */;
}
